{
  "name": "wordwise-publishers",
  "version": "1.0.0",
  "lockfileVersion": 3,
  "requires": true,
  "packages": {
    "": {
      "name": "wordwise-publishers",
      "version": "1.0.0",
      "dependencies": {
        "wordnet": "^2.0.0"
      },
      "engines": {
        "node": ">=18"
      }
    },
    "node_modules/wordnet": {
      "version": "2.0.0",
      "resolved": "https://registry.npmjs.org/wordnet/-/wordnet-2.0.0.tgz",
      "integrity": "sha512-VQOEUBHU6drwXGQx37bVaRqi042IZ8NwJiT9qLtM2x1QzqgIJIRoyZa++rWrUvICK+tYz9ttfYFk1c8IiN6DVQ==",
      "license": "MIT",
      "engines": {
        "node": ">= 0.10.0"
      }
    }
  }
}
